
Microsoft Visual Studio Solution File, Format Version 12.00
# Visual Studio Version 17
VisualStudioVersion = 17.3.32929.385
MinimumVisualStudioVersion = 10.0.40219.1
Project("{FAE04EC0-301F-11D3-BF4B-00C04F79EFBC}") = "AIOConverter", "AIOConverter.csproj", "{B535ADC0-56CF-48D0-97B7-DFD4BCFDB6ED}"
EndProject
Global
	GlobalSection(SolutionConfigurationPlatforms) = preSolution
		Debug|Any CPU = Debug|Any CPU
		Release|Any CPU = Release|Any CPU
	EndGlobalSection
	GlobalSection(ProjectConfigurationPlatforms) = postSolution
		{B535ADC0-56CF-48D0-97B7-DFD4BCFDB6ED}.Debug|Any CPU.ActiveCfg = Debug|Any CPU
		{B535ADC0-56CF-48D0-97B7-DFD4BCFDB6ED}.Debug|Any CPU.Build.0 = Debug|Any CPU
		{B535ADC0-56CF-48D0-97B7-DFD4BCFDB6ED}.Release|Any CPU.ActiveCfg = Release|Any CPU
		{B535ADC0-56CF-48D0-97B7-DFD4BCFDB6ED}.Release|Any CPU.Build.0 = Release|Any CPU
	EndGlobalSection
	GlobalSection(SolutionProperties) = preSolution
		HideSolutionNode = FALSE
	EndGlobalSection
	GlobalSection(ExtensibilityGlobals) = postSolution
		SolutionGuid = {EB7BEB34-2C8E-4618-990E-C7D09E54C9A8}
	EndGlobalSection
EndGlobal
